
Microsoft Visual Studio Solution File, Format Version 12.00
# Visual Studio Version 17
VisualStudioVersion = 17.7.34031.279
MinimumVisualStudioVersion = 10.0.40219.1
Project("{FAE04EC0-301F-11D3-BF4B-00C04F79EFBC}") = "BMIApp", "BMIApp\BMIApp.csproj", "{F36F7B6B-7330-4D1C-B0EA-3679E0DAD080}"
EndProject
Global
	GlobalSection(SolutionConfigurationPlatforms) = preSolution
		Debug|Any CPU = Debug|Any CPU
		Release|Any CPU = Release|Any CPU
	EndGlobalSection
	GlobalSection(ProjectConfigurationPlatforms) = postSolution
		{F36F7B6B-7330-4D1C-B0EA-3679E0DAD080}.Debug|Any CPU.ActiveCfg = Debug|Any CPU
		{F36F7B6B-7330-4D1C-B0EA-3679E0DAD080}.Debug|Any CPU.Build.0 = Debug|Any CPU
		{F36F7B6B-7330-4D1C-B0EA-3679E0DAD080}.Release|Any CPU.ActiveCfg = Release|Any CPU
		{F36F7B6B-7330-4D1C-B0EA-3679E0DAD080}.Release|Any CPU.Build.0 = Release|Any CPU
	EndGlobalSection
	GlobalSection(SolutionProperties) = preSolution
		HideSolutionNode = FALSE
	EndGlobalSection
	GlobalSection(ExtensibilityGlobals) = postSolution
		SolutionGuid = {EB467E29-75DF-4A08-BCC0-432DF93DC52C}
	EndGlobalSection
EndGlobal
